
Microsoft Visual Studio Solution File, Format Version 12.00
# Visual Studio Version 17
VisualStudioVersion = 17.0.31521.260
MinimumVisualStudioVersion = 10.0.40219.1
Project("{9A19103F-16F7-4668-BE54-9A1E7A4F7556}") = "FTFrame.Core", "FTFrame.Core\FTFrame.Core.csproj", "{CA5D952D-F4FD-4925-8373-F8A12AE58523}"
EndProject
Project("{9A19103F-16F7-4668-BE54-9A1E7A4F7556}") = "FTFrame.Server.Core", "FTFrame.Server.Core\FTFrame.Server.Core.csproj", "{F02950D1-B342-4448-97A1-EFC114081657}"
EndProject
Project("{9A19103F-16F7-4668-BE54-9A1E7A4F7556}") = "FTFrame.Tool.Core", "FTFrame.Tool.Core\FTFrame.Tool.Core.csproj", "{C310BCD8-2E60-4E8D-9DA2-2F7A9903B66E}"
EndProject
Project("{9A19103F-16F7-4668-BE54-9A1E7A4F7556}") = "FTFrame.DB.Core", "FTFrame.DB.Core\FTFrame.DB.Core.csproj", "{DBB839D2-7F1E-41F2-977B-DECA07BB064C}"
EndProject
Project("{9A19103F-16F7-4668-BE54-9A1E7A4F7556}") = "FTFrame.Base.Core", "FTFrame.Base.Core\FTFrame.Base.Core.csproj", "{9CF098A2-B953-41C3-B6B2-A9E4F0A6CF7F}"
EndProject
Project("{9A19103F-16F7-4668-BE54-9A1E7A4F7556}") = "FTFrame.BLL", "FTFrame.BLL\FTFrame.BLL.csproj", "{14F6F429-9EC8-4607-8318-D756F2185BA9}"
EndProject
Project("{9A19103F-16F7-4668-BE54-9A1E7A4F7556}") = "FTFrame.Dynamic.Core", "FTFrame.Project.Dynamic\FTFrame.Dynamic.Core.csproj", "{446ABBBC-55D3-4540-9901-93B589A26E64}"
EndProject
Project("{9A19103F-16F7-4668-BE54-9A1E7A4F7556}") = "FTFrame.Project.Core", "FTFrame.Project.Core\FTFrame.Project.Core.csproj", "{5AF5DD26-01C4-4120-BAAE-D653D840ED3C}"
EndProject
Project("{2150E333-8FDC-42A3-9474-1A3956D46DE8}") = "Controls", "Controls", "{3C62A553-2861-4696-BBDA-F5761BD95EFD}"
EndProject
Project("{9A19103F-16F7-4668-BE54-9A1E7A4F7556}") = "DataOp_Server", "Controls\DataOp_Server\DataOp_Server.csproj", "{A5CC19F6-0EFE-4403-AAB0-E0119BCEAF60}"
EndProject
Project("{9A19103F-16F7-4668-BE54-9A1E7A4F7556}") = "DyValue_Server", "Controls\DyValue_Server\DyValue_Server.csproj", "{23F984C1-446D-4553-A756-3EC3AE339D4A}"
EndProject
Project("{9A19103F-16F7-4668-BE54-9A1E7A4F7556}") = "List_Server", "Controls\List_Server\List_Server.csproj", "{2928BD0B-0625-47E9-96F0-9C8B7F5C82E4}"
EndProject
Project("{9A19103F-16F7-4668-BE54-9A1E7A4F7556}") = "Controls_Server", "Controls\Controls_Server\Controls_Server.csproj", "{0BA30F96-145E-45B0-99E9-2E1A36D58563}"
EndProject
Project("{2150E333-8FDC-42A3-9474-1A3956D46DE8}") = "FTFrameRuntimeOpenSource", "FTFrameRuntimeOpenSource", "{490DD8AC-BB0E-4C3D-ABF6-243C41DA973D}"
EndProject
Project("{9A19103F-16F7-4668-BE54-9A1E7A4F7556}") = "FTFrame.Core.Simple", "FTFrame.Core.Simple\FTFrame.Core.Simple.csproj", "{1E03E50A-67E4-4F92-9B29-BF2407398E2C}"
EndProject
Project("{9A19103F-16F7-4668-BE54-9A1E7A4F7556}") = "FTFrame.Web.Base", "FTFrame.Web\FTFrame.Web.Base.csproj", "{6B75D853-0F88-4E05-9A85-2B998EC0D638}"
EndProject
Project("{2150E333-8FDC-42A3-9474-1A3956D46DE8}") = "FTFrame", "FTFrame", "{945E4FB3-9CD4-4D02-ADA7-D4D4D5DB88F9}"
EndProject
Project("{2150E333-8FDC-42A3-9474-1A3956D46DE8}") = "Others", "Others", "{455F89F7-CDFE-4689-9349-DCFE372CB058}"
	ProjectSection(SolutionItems) = preProject
		Others\ftdp.sql = Others\ftdp.sql
		Others\FTFrame.Dynamic.Core.dll = Others\FTFrame.Dynamic.Core.dll
		Others\FTFrame.Project.Core.dll = Others\FTFrame.Project.Core.dll
	EndProjectSection
EndProject
Project("{2150E333-8FDC-42A3-9474-1A3956D46DE8}") = "Custom", "Custom", "{A6CAB264-F0F8-47D0-B906-81E1E87741D9}"
EndProject
Project("{FAE04EC0-301F-11D3-BF4B-00C04F79EFBC}") = "WinFormTest", "WinFormTest\WinFormTest.csproj", "{E2ABDC77-5996-4621-8702-7B0AE083D7C5}"
EndProject
Project("{2150E333-8FDC-42A3-9474-1A3956D46DE8}") = "Other", "Other", "{1E17F2B7-2BE9-4132-A73B-DDDFB3DF58FF}"
EndProject
Project("{FAE04EC0-301F-11D3-BF4B-00C04F79EFBC}") = "ICSharpCode.TextEditor", "Others\ICSharpCode.TextEditor\ICSharpCode.TextEditor.csproj", "{2D18BE89-D210-49EB-A9DD-2246FBB3DF6D}"
EndProject
Project("{9A19103F-16F7-4668-BE54-9A1E7A4F7556}") = "FTFrame.Controller", "FTFrame.Controller\FTFrame.Controller.csproj", "{97F25DD2-CB9F-413F-BE10-185F743369ED}"
EndProject
Project("{9A19103F-16F7-4668-BE54-9A1E7A4F7556}") = "FTFrame.Project.Model", "FTFrame.Project.Model2\FTFrame.Project.Model.csproj", "{C6ACBE4B-8AF4-4A78-8ADF-33F02EFA871A}"
EndProject
Project("{9A19103F-16F7-4668-BE54-9A1E7A4F7556}") = "FTFrame.Model", "FTFrame.Model3\FTFrame.Model.csproj", "{A7E92F55-7878-407B-A4FF-7ABCE998E164}"
EndProject
Project("{9A19103F-16F7-4668-BE54-9A1E7A4F7556}") = "ConsoleTest", "ConsoleTest\ConsoleTest.csproj", "{06D48753-27C2-41E0-9140-62B495DB356E}"
EndProject
Project("{9A19103F-16F7-4668-BE54-9A1E7A4F7556}") = "FTFrame.Web", "FTFrame.Web.Product\FTFrame.Web.csproj", "{C0E63762-78F7-44F6-B6B5-8D71BBE3B71E}"
EndProject
Global
	GlobalSection(SolutionConfigurationPlatforms) = preSolution
		Debug|Any CPU = Debug|Any CPU
		Release|Any CPU = Release|Any CPU
	EndGlobalSection
	GlobalSection(ProjectConfigurationPlatforms) = postSolution
		{CA5D952D-F4FD-4925-8373-F8A12AE58523}.Debug|Any CPU.ActiveCfg = Debug|Any CPU
		{CA5D952D-F4FD-4925-8373-F8A12AE58523}.Debug|Any CPU.Build.0 = Debug|Any CPU
		{CA5D952D-F4FD-4925-8373-F8A12AE58523}.Release|Any CPU.ActiveCfg = Release|Any CPU
		{CA5D952D-F4FD-4925-8373-F8A12AE58523}.Release|Any CPU.Build.0 = Release|Any CPU
		{F02950D1-B342-4448-97A1-EFC114081657}.Debug|Any CPU.ActiveCfg = Debug|Any CPU
		{F02950D1-B342-4448-97A1-EFC114081657}.Debug|Any CPU.Build.0 = Debug|Any CPU
		{F02950D1-B342-4448-97A1-EFC114081657}.Release|Any CPU.ActiveCfg = Release|Any CPU
		{F02950D1-B342-4448-97A1-EFC114081657}.Release|Any CPU.Build.0 = Release|Any CPU
		{C310BCD8-2E60-4E8D-9DA2-2F7A9903B66E}.Debug|Any CPU.ActiveCfg = Debug|Any CPU
		{C310BCD8-2E60-4E8D-9DA2-2F7A9903B66E}.Debug|Any CPU.Build.0 = Debug|Any CPU
		{C310BCD8-2E60-4E8D-9DA2-2F7A9903B66E}.Release|Any CPU.ActiveCfg = Release|Any CPU
		{C310BCD8-2E60-4E8D-9DA2-2F7A9903B66E}.Release|Any CPU.Build.0 = Release|Any CPU
		{DBB839D2-7F1E-41F2-977B-DECA07BB064C}.Debug|Any CPU.ActiveCfg = Debug|Any CPU
		{DBB839D2-7F1E-41F2-977B-DECA07BB064C}.Debug|Any CPU.Build.0 = Debug|Any CPU
		{DBB839D2-7F1E-41F2-977B-DECA07BB064C}.Release|Any CPU.ActiveCfg = Release|Any CPU
		{DBB839D2-7F1E-41F2-977B-DECA07BB064C}.Release|Any CPU.Build.0 = Release|Any CPU
		{9CF098A2-B953-41C3-B6B2-A9E4F0A6CF7F}.Debug|Any CPU.ActiveCfg = Debug|Any CPU
		{9CF098A2-B953-41C3-B6B2-A9E4F0A6CF7F}.Debug|Any CPU.Build.0 = Debug|Any CPU
		{9CF098A2-B953-41C3-B6B2-A9E4F0A6CF7F}.Release|Any CPU.ActiveCfg = Release|Any CPU
		{9CF098A2-B953-41C3-B6B2-A9E4F0A6CF7F}.Release|Any CPU.Build.0 = Release|Any CPU
		{14F6F429-9EC8-4607-8318-D756F2185BA9}.Debug|Any CPU.ActiveCfg = Debug|Any CPU
		{14F6F429-9EC8-4607-8318-D756F2185BA9}.Debug|Any CPU.Build.0 = Debug|Any CPU
		{14F6F429-9EC8-4607-8318-D756F2185BA9}.Release|Any CPU.ActiveCfg = Release|Any CPU
		{14F6F429-9EC8-4607-8318-D756F2185BA9}.Release|Any CPU.Build.0 = Release|Any CPU
		{446ABBBC-55D3-4540-9901-93B589A26E64}.Debug|Any CPU.ActiveCfg = Debug|Any CPU
		{446ABBBC-55D3-4540-9901-93B589A26E64}.Release|Any CPU.ActiveCfg = Release|Any CPU
		{5AF5DD26-01C4-4120-BAAE-D653D840ED3C}.Debug|Any CPU.ActiveCfg = Debug|Any CPU
		{5AF5DD26-01C4-4120-BAAE-D653D840ED3C}.Debug|Any CPU.Build.0 = Debug|Any CPU
		{5AF5DD26-01C4-4120-BAAE-D653D840ED3C}.Release|Any CPU.ActiveCfg = Release|Any CPU
		{5AF5DD26-01C4-4120-BAAE-D653D840ED3C}.Release|Any CPU.Build.0 = Release|Any CPU
		{A5CC19F6-0EFE-4403-AAB0-E0119BCEAF60}.Debug|Any CPU.ActiveCfg = Debug|Any CPU
		{A5CC19F6-0EFE-4403-AAB0-E0119BCEAF60}.Debug|Any CPU.Build.0 = Debug|Any CPU
		{A5CC19F6-0EFE-4403-AAB0-E0119BCEAF60}.Release|Any CPU.ActiveCfg = Release|Any CPU
		{A5CC19F6-0EFE-4403-AAB0-E0119BCEAF60}.Release|Any CPU.Build.0 = Release|Any CPU
		{23F984C1-446D-4553-A756-3EC3AE339D4A}.Debug|Any CPU.ActiveCfg = Debug|Any CPU
		{23F984C1-446D-4553-A756-3EC3AE339D4A}.Debug|Any CPU.Build.0 = Debug|Any CPU
		{23F984C1-446D-4553-A756-3EC3AE339D4A}.Release|Any CPU.ActiveCfg = Release|Any CPU
		{23F984C1-446D-4553-A756-3EC3AE339D4A}.Release|Any CPU.Build.0 = Release|Any CPU
		{2928BD0B-0625-47E9-96F0-9C8B7F5C82E4}.Debug|Any CPU.ActiveCfg = Debug|Any CPU
		{2928BD0B-0625-47E9-96F0-9C8B7F5C82E4}.Debug|Any CPU.Build.0 = Debug|Any CPU
		{2928BD0B-0625-47E9-96F0-9C8B7F5C82E4}.Release|Any CPU.ActiveCfg = Release|Any CPU
		{2928BD0B-0625-47E9-96F0-9C8B7F5C82E4}.Release|Any CPU.Build.0 = Release|Any CPU
		{0BA30F96-145E-45B0-99E9-2E1A36D58563}.Debug|Any CPU.ActiveCfg = Debug|Any CPU
		{0BA30F96-145E-45B0-99E9-2E1A36D58563}.Debug|Any CPU.Build.0 = Debug|Any CPU
		{0BA30F96-145E-45B0-99E9-2E1A36D58563}.Release|Any CPU.ActiveCfg = Release|Any CPU
		{0BA30F96-145E-45B0-99E9-2E1A36D58563}.Release|Any CPU.Build.0 = Release|Any CPU
		{1E03E50A-67E4-4F92-9B29-BF2407398E2C}.Debug|Any CPU.ActiveCfg = Debug|Any CPU
		{1E03E50A-67E4-4F92-9B29-BF2407398E2C}.Debug|Any CPU.Build.0 = Debug|Any CPU
		{1E03E50A-67E4-4F92-9B29-BF2407398E2C}.Release|Any CPU.ActiveCfg = Release|Any CPU
		{1E03E50A-67E4-4F92-9B29-BF2407398E2C}.Release|Any CPU.Build.0 = Release|Any CPU
		{6B75D853-0F88-4E05-9A85-2B998EC0D638}.Debug|Any CPU.ActiveCfg = Debug|Any CPU
		{6B75D853-0F88-4E05-9A85-2B998EC0D638}.Debug|Any CPU.Build.0 = Debug|Any CPU
		{6B75D853-0F88-4E05-9A85-2B998EC0D638}.Release|Any CPU.ActiveCfg = Release|Any CPU
		{6B75D853-0F88-4E05-9A85-2B998EC0D638}.Release|Any CPU.Build.0 = Release|Any CPU
		{E2ABDC77-5996-4621-8702-7B0AE083D7C5}.Debug|Any CPU.ActiveCfg = Debug|Any CPU
		{E2ABDC77-5996-4621-8702-7B0AE083D7C5}.Debug|Any CPU.Build.0 = Debug|Any CPU
		{E2ABDC77-5996-4621-8702-7B0AE083D7C5}.Release|Any CPU.ActiveCfg = Release|Any CPU
		{E2ABDC77-5996-4621-8702-7B0AE083D7C5}.Release|Any CPU.Build.0 = Release|Any CPU
		{2D18BE89-D210-49EB-A9DD-2246FBB3DF6D}.Debug|Any CPU.ActiveCfg = Debug|Any CPU
		{2D18BE89-D210-49EB-A9DD-2246FBB3DF6D}.Debug|Any CPU.Build.0 = Debug|Any CPU
		{2D18BE89-D210-49EB-A9DD-2246FBB3DF6D}.Release|Any CPU.ActiveCfg = Release|Any CPU
		{2D18BE89-D210-49EB-A9DD-2246FBB3DF6D}.Release|Any CPU.Build.0 = Release|Any CPU
		{97F25DD2-CB9F-413F-BE10-185F743369ED}.Debug|Any CPU.ActiveCfg = Debug|Any CPU
		{97F25DD2-CB9F-413F-BE10-185F743369ED}.Debug|Any CPU.Build.0 = Debug|Any CPU
		{97F25DD2-CB9F-413F-BE10-185F743369ED}.Release|Any CPU.ActiveCfg = Release|Any CPU
		{97F25DD2-CB9F-413F-BE10-185F743369ED}.Release|Any CPU.Build.0 = Release|Any CPU
		{C6ACBE4B-8AF4-4A78-8ADF-33F02EFA871A}.Debug|Any CPU.ActiveCfg = Debug|Any CPU
		{C6ACBE4B-8AF4-4A78-8ADF-33F02EFA871A}.Debug|Any CPU.Build.0 = Debug|Any CPU
		{C6ACBE4B-8AF4-4A78-8ADF-33F02EFA871A}.Release|Any CPU.ActiveCfg = Release|Any CPU
		{C6ACBE4B-8AF4-4A78-8ADF-33F02EFA871A}.Release|Any CPU.Build.0 = Release|Any CPU
		{A7E92F55-7878-407B-A4FF-7ABCE998E164}.Debug|Any CPU.ActiveCfg = Debug|Any CPU
		{A7E92F55-7878-407B-A4FF-7ABCE998E164}.Debug|Any CPU.Build.0 = Debug|Any CPU
		{A7E92F55-7878-407B-A4FF-7ABCE998E164}.Release|Any CPU.ActiveCfg = Release|Any CPU
		{A7E92F55-7878-407B-A4FF-7ABCE998E164}.Release|Any CPU.Build.0 = Release|Any CPU
		{06D48753-27C2-41E0-9140-62B495DB356E}.Debug|Any CPU.ActiveCfg = Debug|Any CPU
		{06D48753-27C2-41E0-9140-62B495DB356E}.Debug|Any CPU.Build.0 = Debug|Any CPU
		{06D48753-27C2-41E0-9140-62B495DB356E}.Release|Any CPU.ActiveCfg = Release|Any CPU
		{06D48753-27C2-41E0-9140-62B495DB356E}.Release|Any CPU.Build.0 = Release|Any CPU
		{C0E63762-78F7-44F6-B6B5-8D71BBE3B71E}.Debug|Any CPU.ActiveCfg = Debug|Any CPU
		{C0E63762-78F7-44F6-B6B5-8D71BBE3B71E}.Debug|Any CPU.Build.0 = Debug|Any CPU
		{C0E63762-78F7-44F6-B6B5-8D71BBE3B71E}.Release|Any CPU.ActiveCfg = Release|Any CPU
		{C0E63762-78F7-44F6-B6B5-8D71BBE3B71E}.Release|Any CPU.Build.0 = Release|Any CPU
	EndGlobalSection
	GlobalSection(SolutionProperties) = preSolution
		HideSolutionNode = FALSE
	EndGlobalSection
	GlobalSection(NestedProjects) = preSolution
		{CA5D952D-F4FD-4925-8373-F8A12AE58523} = {945E4FB3-9CD4-4D02-ADA7-D4D4D5DB88F9}
		{F02950D1-B342-4448-97A1-EFC114081657} = {945E4FB3-9CD4-4D02-ADA7-D4D4D5DB88F9}
		{C310BCD8-2E60-4E8D-9DA2-2F7A9903B66E} = {945E4FB3-9CD4-4D02-ADA7-D4D4D5DB88F9}
		{DBB839D2-7F1E-41F2-977B-DECA07BB064C} = {945E4FB3-9CD4-4D02-ADA7-D4D4D5DB88F9}
		{9CF098A2-B953-41C3-B6B2-A9E4F0A6CF7F} = {945E4FB3-9CD4-4D02-ADA7-D4D4D5DB88F9}
		{14F6F429-9EC8-4607-8318-D756F2185BA9} = {A6CAB264-F0F8-47D0-B906-81E1E87741D9}
		{446ABBBC-55D3-4540-9901-93B589A26E64} = {455F89F7-CDFE-4689-9349-DCFE372CB058}
		{5AF5DD26-01C4-4120-BAAE-D653D840ED3C} = {A6CAB264-F0F8-47D0-B906-81E1E87741D9}
		{3C62A553-2861-4696-BBDA-F5761BD95EFD} = {945E4FB3-9CD4-4D02-ADA7-D4D4D5DB88F9}
		{A5CC19F6-0EFE-4403-AAB0-E0119BCEAF60} = {3C62A553-2861-4696-BBDA-F5761BD95EFD}
		{23F984C1-446D-4553-A756-3EC3AE339D4A} = {3C62A553-2861-4696-BBDA-F5761BD95EFD}
		{2928BD0B-0625-47E9-96F0-9C8B7F5C82E4} = {3C62A553-2861-4696-BBDA-F5761BD95EFD}
		{0BA30F96-145E-45B0-99E9-2E1A36D58563} = {3C62A553-2861-4696-BBDA-F5761BD95EFD}
		{1E03E50A-67E4-4F92-9B29-BF2407398E2C} = {490DD8AC-BB0E-4C3D-ABF6-243C41DA973D}
		{E2ABDC77-5996-4621-8702-7B0AE083D7C5} = {455F89F7-CDFE-4689-9349-DCFE372CB058}
		{1E17F2B7-2BE9-4132-A73B-DDDFB3DF58FF} = {455F89F7-CDFE-4689-9349-DCFE372CB058}
		{2D18BE89-D210-49EB-A9DD-2246FBB3DF6D} = {1E17F2B7-2BE9-4132-A73B-DDDFB3DF58FF}
		{97F25DD2-CB9F-413F-BE10-185F743369ED} = {A6CAB264-F0F8-47D0-B906-81E1E87741D9}
		{C6ACBE4B-8AF4-4A78-8ADF-33F02EFA871A} = {A6CAB264-F0F8-47D0-B906-81E1E87741D9}
		{A7E92F55-7878-407B-A4FF-7ABCE998E164} = {945E4FB3-9CD4-4D02-ADA7-D4D4D5DB88F9}
		{06D48753-27C2-41E0-9140-62B495DB356E} = {455F89F7-CDFE-4689-9349-DCFE372CB058}
	EndGlobalSection
	GlobalSection(ExtensibilityGlobals) = postSolution
		SolutionGuid = {32CCB876-3AAF-4C2D-9F94-B7AAC9D0A947}
	EndGlobalSection
EndGlobal
