
Microsoft Visual Studio Solution File, Format Version 12.00
# Visual Studio Version 17
VisualStudioVersion = 17.4.33213.308
MinimumVisualStudioVersion = 10.0.40219.1
Project("{FAE04EC0-301F-11D3-BF4B-00C04F79EFBC}") = "FTDP.Util", "FTDLL\FTDP.Util\FTDP.Util.csproj", "{CDC399A2-3173-41A6-A1DA-F08EC65D9B29}"
EndProject
Project("{FAE04EC0-301F-11D3-BF4B-00C04F79EFBC}") = "FTDP.Client", "SiteMatrix\FTDP.Client.csproj", "{971E3C26-28C0-44EC-BBEB-808590D248AC}"
EndProject
Project("{FAE04EC0-301F-11D3-BF4B-00C04F79EFBC}") = "ICSharpCode.TextEditor", "ICSharpCode.TextEditor\ICSharpCode.TextEditor.csproj", "{2D18BE89-D210-49EB-A9DD-2246FBB3DF6D}"
EndProject
Project("{2150E333-8FDC-42A3-9474-1A3956D46DE8}") = "Controls", "Controls", "{1C510D0E-FFB3-471D-8F74-D49732EEA372}"
EndProject
Project("{FAE04EC0-301F-11D3-BF4B-00C04F79EFBC}") = "DataOP_Client", "Control.Src\DataOP\DataOP_Client.csproj", "{5C37CB93-F913-4173-B991-132691A88676}"
EndProject
Project("{FAE04EC0-301F-11D3-BF4B-00C04F79EFBC}") = "DyNum_Client", "Control.Src\DyNum\DyNum_Client.csproj", "{A78C0E4E-001D-426C-A453-0ED00FC69E82}"
EndProject
Project("{FAE04EC0-301F-11D3-BF4B-00C04F79EFBC}") = "DyValue_Client", "Control.Src\DyValue\DyValue_Client.csproj", "{55327189-B1E5-4DAC-8A80-0E6310C768D3}"
EndProject
Project("{FAE04EC0-301F-11D3-BF4B-00C04F79EFBC}") = "List_Client", "Control.Src\List\List_Client.csproj", "{17B05DA0-C59A-4CBE-B1C4-B058957E17F5}"
EndProject
Project("{2150E333-8FDC-42A3-9474-1A3956D46DE8}") = "Update", "Update", "{A36B6BC4-0187-4F45-9A32-0B2CFCF9E99B}"
EndProject
Project("{FAE04EC0-301F-11D3-BF4B-00C04F79EFBC}") = "Update_4", "Update_0\Update_4.csproj", "{518290FE-345A-4285-A0D2-1013B4CFBCC2}"
EndProject
Project("{FAE04EC0-301F-11D3-BF4B-00C04F79EFBC}") = "Update_5", "..\Product_o\Update\Update_5\Update_5.csproj", "{19E35DC9-B0B9-4308-94AB-B9E18F84C363}"
EndProject
Project("{FAE04EC0-301F-11D3-BF4B-00C04F79EFBC}") = "Update_6", "..\Product_o\Update\Update_6\Update_6.csproj", "{A0737068-4B75-43ED-B2CE-C326B13A7C65}"
EndProject
Project("{FAE04EC0-301F-11D3-BF4B-00C04F79EFBC}") = "FTDP.Client.Demo", "SiteMatrix_Demo\FTDP.Client.Demo.csproj", "{D04AE2F3-406E-4AFB-B00B-1EC4570B34C4}"
EndProject
Project("{FAE04EC0-301F-11D3-BF4B-00C04F79EFBC}") = "FTDP.Key", "FTDP.Key\FTDP.Key.csproj", "{C5D10012-BD75-4555-82D8-E999D6671D4B}"
EndProject
Global
	GlobalSection(SolutionConfigurationPlatforms) = preSolution
		Debug|Any CPU = Debug|Any CPU
		Debug|x86 = Debug|x86
		Release|Any CPU = Release|Any CPU
		Release|x86 = Release|x86
	EndGlobalSection
	GlobalSection(ProjectConfigurationPlatforms) = postSolution
		{CDC399A2-3173-41A6-A1DA-F08EC65D9B29}.Debug|Any CPU.ActiveCfg = Debug|Any CPU
		{CDC399A2-3173-41A6-A1DA-F08EC65D9B29}.Debug|Any CPU.Build.0 = Debug|Any CPU
		{CDC399A2-3173-41A6-A1DA-F08EC65D9B29}.Debug|x86.ActiveCfg = Debug|Any CPU
		{CDC399A2-3173-41A6-A1DA-F08EC65D9B29}.Debug|x86.Build.0 = Debug|Any CPU
		{CDC399A2-3173-41A6-A1DA-F08EC65D9B29}.Release|Any CPU.ActiveCfg = Release|Any CPU
		{CDC399A2-3173-41A6-A1DA-F08EC65D9B29}.Release|Any CPU.Build.0 = Release|Any CPU
		{CDC399A2-3173-41A6-A1DA-F08EC65D9B29}.Release|x86.ActiveCfg = Release|Any CPU
		{CDC399A2-3173-41A6-A1DA-F08EC65D9B29}.Release|x86.Build.0 = Release|Any CPU
		{971E3C26-28C0-44EC-BBEB-808590D248AC}.Debug|Any CPU.ActiveCfg = Debug|Any CPU
		{971E3C26-28C0-44EC-BBEB-808590D248AC}.Debug|Any CPU.Build.0 = Debug|Any CPU
		{971E3C26-28C0-44EC-BBEB-808590D248AC}.Debug|x86.ActiveCfg = Debug|x86
		{971E3C26-28C0-44EC-BBEB-808590D248AC}.Debug|x86.Build.0 = Debug|x86
		{971E3C26-28C0-44EC-BBEB-808590D248AC}.Release|Any CPU.ActiveCfg = Release|Any CPU
		{971E3C26-28C0-44EC-BBEB-808590D248AC}.Release|Any CPU.Build.0 = Release|Any CPU
		{971E3C26-28C0-44EC-BBEB-808590D248AC}.Release|x86.ActiveCfg = Release|x86
		{971E3C26-28C0-44EC-BBEB-808590D248AC}.Release|x86.Build.0 = Release|x86
		{2D18BE89-D210-49EB-A9DD-2246FBB3DF6D}.Debug|Any CPU.ActiveCfg = Debug|Any CPU
		{2D18BE89-D210-49EB-A9DD-2246FBB3DF6D}.Debug|Any CPU.Build.0 = Debug|Any CPU
		{2D18BE89-D210-49EB-A9DD-2246FBB3DF6D}.Debug|x86.ActiveCfg = Debug|Any CPU
		{2D18BE89-D210-49EB-A9DD-2246FBB3DF6D}.Debug|x86.Build.0 = Debug|Any CPU
		{2D18BE89-D210-49EB-A9DD-2246FBB3DF6D}.Release|Any CPU.ActiveCfg = Release|Any CPU
		{2D18BE89-D210-49EB-A9DD-2246FBB3DF6D}.Release|Any CPU.Build.0 = Release|Any CPU
		{2D18BE89-D210-49EB-A9DD-2246FBB3DF6D}.Release|x86.ActiveCfg = Release|Any CPU
		{2D18BE89-D210-49EB-A9DD-2246FBB3DF6D}.Release|x86.Build.0 = Release|Any CPU
		{5C37CB93-F913-4173-B991-132691A88676}.Debug|Any CPU.ActiveCfg = Debug|Any CPU
		{5C37CB93-F913-4173-B991-132691A88676}.Debug|Any CPU.Build.0 = Debug|Any CPU
		{5C37CB93-F913-4173-B991-132691A88676}.Debug|x86.ActiveCfg = Debug|Any CPU
		{5C37CB93-F913-4173-B991-132691A88676}.Debug|x86.Build.0 = Debug|Any CPU
		{5C37CB93-F913-4173-B991-132691A88676}.Release|Any CPU.ActiveCfg = Release|Any CPU
		{5C37CB93-F913-4173-B991-132691A88676}.Release|Any CPU.Build.0 = Release|Any CPU
		{5C37CB93-F913-4173-B991-132691A88676}.Release|x86.ActiveCfg = Release|Any CPU
		{5C37CB93-F913-4173-B991-132691A88676}.Release|x86.Build.0 = Release|Any CPU
		{A78C0E4E-001D-426C-A453-0ED00FC69E82}.Debug|Any CPU.ActiveCfg = Debug|Any CPU
		{A78C0E4E-001D-426C-A453-0ED00FC69E82}.Debug|Any CPU.Build.0 = Debug|Any CPU
		{A78C0E4E-001D-426C-A453-0ED00FC69E82}.Debug|x86.ActiveCfg = Debug|Any CPU
		{A78C0E4E-001D-426C-A453-0ED00FC69E82}.Debug|x86.Build.0 = Debug|Any CPU
		{A78C0E4E-001D-426C-A453-0ED00FC69E82}.Release|Any CPU.ActiveCfg = Release|Any CPU
		{A78C0E4E-001D-426C-A453-0ED00FC69E82}.Release|Any CPU.Build.0 = Release|Any CPU
		{A78C0E4E-001D-426C-A453-0ED00FC69E82}.Release|x86.ActiveCfg = Release|Any CPU
		{A78C0E4E-001D-426C-A453-0ED00FC69E82}.Release|x86.Build.0 = Release|Any CPU
		{55327189-B1E5-4DAC-8A80-0E6310C768D3}.Debug|Any CPU.ActiveCfg = Debug|Any CPU
		{55327189-B1E5-4DAC-8A80-0E6310C768D3}.Debug|Any CPU.Build.0 = Debug|Any CPU
		{55327189-B1E5-4DAC-8A80-0E6310C768D3}.Debug|x86.ActiveCfg = Debug|Any CPU
		{55327189-B1E5-4DAC-8A80-0E6310C768D3}.Debug|x86.Build.0 = Debug|Any CPU
		{55327189-B1E5-4DAC-8A80-0E6310C768D3}.Release|Any CPU.ActiveCfg = Release|Any CPU
		{55327189-B1E5-4DAC-8A80-0E6310C768D3}.Release|Any CPU.Build.0 = Release|Any CPU
		{55327189-B1E5-4DAC-8A80-0E6310C768D3}.Release|x86.ActiveCfg = Release|Any CPU
		{55327189-B1E5-4DAC-8A80-0E6310C768D3}.Release|x86.Build.0 = Release|Any CPU
		{17B05DA0-C59A-4CBE-B1C4-B058957E17F5}.Debug|Any CPU.ActiveCfg = Debug|Any CPU
		{17B05DA0-C59A-4CBE-B1C4-B058957E17F5}.Debug|Any CPU.Build.0 = Debug|Any CPU
		{17B05DA0-C59A-4CBE-B1C4-B058957E17F5}.Debug|x86.ActiveCfg = Debug|Any CPU
		{17B05DA0-C59A-4CBE-B1C4-B058957E17F5}.Debug|x86.Build.0 = Debug|Any CPU
		{17B05DA0-C59A-4CBE-B1C4-B058957E17F5}.Release|Any CPU.ActiveCfg = Release|Any CPU
		{17B05DA0-C59A-4CBE-B1C4-B058957E17F5}.Release|Any CPU.Build.0 = Release|Any CPU
		{17B05DA0-C59A-4CBE-B1C4-B058957E17F5}.Release|x86.ActiveCfg = Release|Any CPU
		{17B05DA0-C59A-4CBE-B1C4-B058957E17F5}.Release|x86.Build.0 = Release|Any CPU
		{518290FE-345A-4285-A0D2-1013B4CFBCC2}.Debug|Any CPU.ActiveCfg = Debug|Any CPU
		{518290FE-345A-4285-A0D2-1013B4CFBCC2}.Debug|Any CPU.Build.0 = Debug|Any CPU
		{518290FE-345A-4285-A0D2-1013B4CFBCC2}.Debug|x86.ActiveCfg = Debug|Any CPU
		{518290FE-345A-4285-A0D2-1013B4CFBCC2}.Debug|x86.Build.0 = Debug|Any CPU
		{518290FE-345A-4285-A0D2-1013B4CFBCC2}.Release|Any CPU.ActiveCfg = Release|Any CPU
		{518290FE-345A-4285-A0D2-1013B4CFBCC2}.Release|Any CPU.Build.0 = Release|Any CPU
		{518290FE-345A-4285-A0D2-1013B4CFBCC2}.Release|x86.ActiveCfg = Release|Any CPU
		{518290FE-345A-4285-A0D2-1013B4CFBCC2}.Release|x86.Build.0 = Release|Any CPU
		{19E35DC9-B0B9-4308-94AB-B9E18F84C363}.Debug|Any CPU.ActiveCfg = Debug|Any CPU
		{19E35DC9-B0B9-4308-94AB-B9E18F84C363}.Debug|Any CPU.Build.0 = Debug|Any CPU
		{19E35DC9-B0B9-4308-94AB-B9E18F84C363}.Debug|x86.ActiveCfg = Debug|Any CPU
		{19E35DC9-B0B9-4308-94AB-B9E18F84C363}.Debug|x86.Build.0 = Debug|Any CPU
		{19E35DC9-B0B9-4308-94AB-B9E18F84C363}.Release|Any CPU.ActiveCfg = Release|Any CPU
		{19E35DC9-B0B9-4308-94AB-B9E18F84C363}.Release|Any CPU.Build.0 = Release|Any CPU
		{19E35DC9-B0B9-4308-94AB-B9E18F84C363}.Release|x86.ActiveCfg = Release|Any CPU
		{19E35DC9-B0B9-4308-94AB-B9E18F84C363}.Release|x86.Build.0 = Release|Any CPU
		{A0737068-4B75-43ED-B2CE-C326B13A7C65}.Debug|Any CPU.ActiveCfg = Debug|Any CPU
		{A0737068-4B75-43ED-B2CE-C326B13A7C65}.Debug|Any CPU.Build.0 = Debug|Any CPU
		{A0737068-4B75-43ED-B2CE-C326B13A7C65}.Debug|x86.ActiveCfg = Debug|Any CPU
		{A0737068-4B75-43ED-B2CE-C326B13A7C65}.Debug|x86.Build.0 = Debug|Any CPU
		{A0737068-4B75-43ED-B2CE-C326B13A7C65}.Release|Any CPU.ActiveCfg = Release|Any CPU
		{A0737068-4B75-43ED-B2CE-C326B13A7C65}.Release|Any CPU.Build.0 = Release|Any CPU
		{A0737068-4B75-43ED-B2CE-C326B13A7C65}.Release|x86.ActiveCfg = Release|Any CPU
		{A0737068-4B75-43ED-B2CE-C326B13A7C65}.Release|x86.Build.0 = Release|Any CPU
		{D04AE2F3-406E-4AFB-B00B-1EC4570B34C4}.Debug|Any CPU.ActiveCfg = Debug|Any CPU
		{D04AE2F3-406E-4AFB-B00B-1EC4570B34C4}.Debug|Any CPU.Build.0 = Debug|Any CPU
		{D04AE2F3-406E-4AFB-B00B-1EC4570B34C4}.Debug|x86.ActiveCfg = Debug|x86
		{D04AE2F3-406E-4AFB-B00B-1EC4570B34C4}.Debug|x86.Build.0 = Debug|x86
		{D04AE2F3-406E-4AFB-B00B-1EC4570B34C4}.Release|Any CPU.ActiveCfg = Release|Any CPU
		{D04AE2F3-406E-4AFB-B00B-1EC4570B34C4}.Release|Any CPU.Build.0 = Release|Any CPU
		{D04AE2F3-406E-4AFB-B00B-1EC4570B34C4}.Release|x86.ActiveCfg = Release|x86
		{D04AE2F3-406E-4AFB-B00B-1EC4570B34C4}.Release|x86.Build.0 = Release|x86
		{C5D10012-BD75-4555-82D8-E999D6671D4B}.Debug|Any CPU.ActiveCfg = Debug|Any CPU
		{C5D10012-BD75-4555-82D8-E999D6671D4B}.Debug|Any CPU.Build.0 = Debug|Any CPU
		{C5D10012-BD75-4555-82D8-E999D6671D4B}.Debug|x86.ActiveCfg = Debug|Any CPU
		{C5D10012-BD75-4555-82D8-E999D6671D4B}.Debug|x86.Build.0 = Debug|Any CPU
		{C5D10012-BD75-4555-82D8-E999D6671D4B}.Release|Any CPU.ActiveCfg = Release|Any CPU
		{C5D10012-BD75-4555-82D8-E999D6671D4B}.Release|Any CPU.Build.0 = Release|Any CPU
		{C5D10012-BD75-4555-82D8-E999D6671D4B}.Release|x86.ActiveCfg = Release|Any CPU
		{C5D10012-BD75-4555-82D8-E999D6671D4B}.Release|x86.Build.0 = Release|Any CPU
	EndGlobalSection
	GlobalSection(SolutionProperties) = preSolution
		HideSolutionNode = FALSE
	EndGlobalSection
	GlobalSection(NestedProjects) = preSolution
		{5C37CB93-F913-4173-B991-132691A88676} = {1C510D0E-FFB3-471D-8F74-D49732EEA372}
		{A78C0E4E-001D-426C-A453-0ED00FC69E82} = {1C510D0E-FFB3-471D-8F74-D49732EEA372}
		{55327189-B1E5-4DAC-8A80-0E6310C768D3} = {1C510D0E-FFB3-471D-8F74-D49732EEA372}
		{17B05DA0-C59A-4CBE-B1C4-B058957E17F5} = {1C510D0E-FFB3-471D-8F74-D49732EEA372}
		{518290FE-345A-4285-A0D2-1013B4CFBCC2} = {A36B6BC4-0187-4F45-9A32-0B2CFCF9E99B}
		{19E35DC9-B0B9-4308-94AB-B9E18F84C363} = {A36B6BC4-0187-4F45-9A32-0B2CFCF9E99B}
		{A0737068-4B75-43ED-B2CE-C326B13A7C65} = {A36B6BC4-0187-4F45-9A32-0B2CFCF9E99B}
	EndGlobalSection
	GlobalSection(ExtensibilityGlobals) = postSolution
		SolutionGuid = {43D8891E-DA2F-40DC-A454-AD814445452D}
	EndGlobalSection
EndGlobal
